// !$*UTF8*$!
{
	archiveVersion = 1;
	classes = {
	};
	objectVersion = 46;
	objects = {

/* Begin PBXBuildFile section */
		821BAC5F1D45D30C00E2990A /* CocoaColaKit.h in Headers */ = {isa = PBXBuildFile; fileRef = 821BAC5E1D45D30C00E2990A /* CocoaColaKit.h */; settings = {ATTRIBUTES = (Public, ); }; };
		821BAC661D45D30C00E2990A /* CocoaColaKit.framework in Frameworks */ = {isa = PBXBuildFile; fileRef = 821BAC5B1D45D30C00E2990A /* CocoaColaKit.framework */; };
		821BAC6B1D45D30C00E2990A /* CocoaColaKitTests.swift in Sources */ = {isa = PBXBuildFile; fileRef = 821BAC6A1D45D30C00E2990A /* CocoaColaKitTests.swift */; };
		821BAC7A1D45D61700E2990A /* NSLayoutConstraint+extensions.swift in Sources */ = {isa = PBXBuildFile; fileRef = 821BAC761D45D61700E2990A /* NSLayoutConstraint+extensions.swift */; };
		821BAC7B1D45D61700E2990A /* TileView.swift in Sources */ = {isa = PBXBuildFile; fileRef = 821BAC781D45D61700E2990A /* TileView.swift */; };
		821BAC7C1D45D61700E2990A /* TileViewLayout.swift in Sources */ = {isa = PBXBuildFile; fileRef = 821BAC791D45D61700E2990A /* TileViewLayout.swift */; };
/* End PBXBuildFile section */

/* Begin PBXContainerItemProxy section */
		821BAC671D45D30C00E2990A /* PBXContainerItemProxy */ = {
			isa = PBXContainerItemProxy;
			containerPortal = 821BAC521D45D30C00E2990A /* Project object */;
			proxyType = 1;
			remoteGlobalIDString = 821BAC5A1D45D30C00E2990A;
			remoteInfo = CocoaColaKit;
		};
/* End PBXContainerItemProxy section */

/* Begin PBXFileReference section */
		821BAC5B1D45D30C00E2990A /* CocoaColaKit.framework */ = {isa = PBXFileReference; explicitFileType = wrapper.framework; includeInIndex = 0; path = CocoaColaKit.framework; sourceTree = BUILT_PRODUCTS_DIR; };
		821BAC5E1D45D30C00E2990A /* CocoaColaKit.h */ = {isa = PBXFileReference; lastKnownFileType = sourcecode.c.h; path = CocoaColaKit.h; sourceTree = "<group>"; };
		821BAC601D45D30C00E2990A /* Info.plist */ = {isa = PBXFileReference; lastKnownFileType = text.plist.xml; path = Info.plist; sourceTree = "<group>"; };
		821BAC651D45D30C00E2990A /* CocoaColaKitTests.xctest */ = {isa = PBXFileReference; explicitFileType = wrapper.cfbundle; includeInIndex = 0; path = CocoaColaKitTests.xctest; sourceTree = BUILT_PRODUCTS_DIR; };
		821BAC6A1D45D30C00E2990A /* CocoaColaKitTests.swift */ = {isa = PBXFileReference; lastKnownFileType = sourcecode.swift; path = CocoaColaKitTests.swift; sourceTree = "<group>"; };
		821BAC6C1D45D30C00E2990A /* Info.plist */ = {isa = PBXFileReference; lastKnownFileType = text.plist.xml; path = Info.plist; sourceTree = "<group>"; };
		821BAC761D45D61700E2990A /* NSLayoutConstraint+extensions.swift */ = {isa = PBXFileReference; fileEncoding = 4; lastKnownFileType = sourcecode.swift; path = "NSLayoutConstraint+extensions.swift"; sourceTree = "<group>"; };
		821BAC781D45D61700E2990A /* TileView.swift */ = {isa = PBXFileReference; fileEncoding = 4; lastKnownFileType = sourcecode.swift; path = TileView.swift; sourceTree = "<group>"; };
		821BAC791D45D61700E2990A /* TileViewLayout.swift */ = {isa = PBXFileReference; fileEncoding = 4; lastKnownFileType = sourcecode.swift; path = TileViewLayout.swift; sourceTree = "<group>"; };
/* End PBXFileReference section */

/* Begin PBXFrameworksBuildPhase section */
		821BAC571D45D30C00E2990A /* Frameworks */ = {
			isa = PBXFrameworksBuildPhase;
			buildActionMask = 2147483647;
			files = (
			);
			runOnlyForDeploymentPostprocessing = 0;
		};
		821BAC621D45D30C00E2990A /* Frameworks */ = {
			isa = PBXFrameworksBuildPhase;
			buildActionMask = 2147483647;
			files = (
				821BAC661D45D30C00E2990A /* CocoaColaKit.framework in Frameworks */,
			);
			runOnlyForDeploymentPostprocessing = 0;
		};
/* End PBXFrameworksBuildPhase section */

/* Begin PBXGroup section */
		821BAC511D45D30C00E2990A = {
			isa = PBXGroup;
			children = (
				821BAC5D1D45D30C00E2990A /* CocoaColaKit */,
				821BAC691D45D30C00E2990A /* CocoaColaKitTests */,
				821BAC5C1D45D30C00E2990A /* Products */,
			);
			sourceTree = "<group>";
		};
		821BAC5C1D45D30C00E2990A /* Products */ = {
			isa = PBXGroup;
			children = (
				821BAC5B1D45D30C00E2990A /* CocoaColaKit.framework */,
				821BAC651D45D30C00E2990A /* CocoaColaKitTests.xctest */,
			);
			name = Products;
			sourceTree = "<group>";
		};
		821BAC5D1D45D30C00E2990A /* CocoaColaKit */ = {
			isa = PBXGroup;
			children = (
				821BAC751D45D61700E2990A /* Extensions */,
				821BAC771D45D61700E2990A /* TileView */,
				821BAC5E1D45D30C00E2990A /* CocoaColaKit.h */,
				821BAC601D45D30C00E2990A /* Info.plist */,
			);
			path = CocoaColaKit;
			sourceTree = "<group>";
		};
		821BAC691D45D30C00E2990A /* CocoaColaKitTests */ = {
			isa = PBXGroup;
			children = (
				821BAC6A1D45D30C00E2990A /* CocoaColaKitTests.swift */,
				821BAC6C1D45D30C00E2990A /* Info.plist */,
			);
			path = CocoaColaKitTests;
			sourceTree = "<group>";
		};
		821BAC751D45D61700E2990A /* Extensions */ = {
			isa = PBXGroup;
			children = (
				821BAC761D45D61700E2990A /* NSLayoutConstraint+extensions.swift */,
			);
			path = Extensions;
			sourceTree = "<group>";
		};
		821BAC771D45D61700E2990A /* TileView */ = {
			isa = PBXGroup;
			children = (
				821BAC781D45D61700E2990A /* TileView.swift */,
				821BAC791D45D61700E2990A /* TileViewLayout.swift */,
			);
			path = TileView;
			sourceTree = "<group>";
		};
/* End PBXGroup section */

/* Begin PBXHeadersBuildPhase section */
		821BAC581D45D30C00E2990A /* Headers */ = {
			isa = PBXHeadersBuildPhase;
			buildActionMask = 2147483647;
			files = (
				821BAC5F1D45D30C00E2990A /* CocoaColaKit.h in Headers */,
			);
			runOnlyForDeploymentPostprocessing = 0;
		};
/* End PBXHeadersBuildPhase section */

/* Begin PBXNativeTarget section */
		821BAC5A1D45D30C00E2990A /* CocoaColaKit */ = {
			isa = PBXNativeTarget;
			buildConfigurationList = 821BAC6F1D45D30C00E2990A /* Build configuration list for PBXNativeTarget "CocoaColaKit" */;
			buildPhases = (
				821BAC561D45D30C00E2990A /* Sources */,
				821BAC571D45D30C00E2990A /* Frameworks */,
				821BAC581D45D30C00E2990A /* Headers */,
				821BAC591D45D30C00E2990A /* Resources */,
			);
			buildRules = (
			);
			dependencies = (
			);
			name = CocoaColaKit;
			productName = CocoaColaKit;
			productReference = 821BAC5B1D45D30C00E2990A /* CocoaColaKit.framework */;
			productType = "com.apple.product-type.framework";
		};
		821BAC641D45D30C00E2990A /* CocoaColaKitTests */ = {
			isa = PBXNativeTarget;
			buildConfigurationList = 821BAC721D45D30C00E2990A /* Build configuration list for PBXNativeTarget "CocoaColaKitTests" */;
			buildPhases = (
				821BAC611D45D30C00E2990A /* Sources */,
				821BAC621D45D30C00E2990A /* Frameworks */,
				821BAC631D45D30C00E2990A /* Resources */,
			);
			buildRules = (
			);
			dependencies = (
				821BAC681D45D30C00E2990A /* PBXTargetDependency */,
			);
			name = CocoaColaKitTests;
			productName = CocoaColaKitTests;
			productReference = 821BAC651D45D30C00E2990A /* CocoaColaKitTests.xctest */;
			productType = "com.apple.product-type.bundle.unit-test";
		};
/* End PBXNativeTarget section */

/* Begin PBXProject section */
		821BAC521D45D30C00E2990A /* Project object */ = {
			isa = PBXProject;
			attributes = {
				LastSwiftUpdateCheck = 0800;
				LastUpgradeCheck = 0800;
				ORGANIZATIONNAME = "Avi Shevin";
				TargetAttributes = {
					821BAC5A1D45D30C00E2990A = {
						CreatedOnToolsVersion = 8.0;
						DevelopmentTeam = 4VM2T2M2T8;
						DevelopmentTeamName = "Avraham Shevin";
						ProvisioningStyle = Automatic;
					};
					821BAC641D45D30C00E2990A = {
						CreatedOnToolsVersion = 8.0;
						DevelopmentTeam = 4VM2T2M2T8;
						DevelopmentTeamName = "Avraham Shevin";
						ProvisioningStyle = Automatic;
					};
				};
			};
			buildConfigurationList = 821BAC551D45D30C00E2990A /* Build configuration list for PBXProject "CocoaColaKit" */;
			compatibilityVersion = "Xcode 3.2";
			developmentRegion = English;
			hasScannedForEncodings = 0;
			knownRegions = (
				en,
			);
			mainGroup = 821BAC511D45D30C00E2990A;
			productRefGroup = 821BAC5C1D45D30C00E2990A /* Products */;
			projectDirPath = "";
			projectRoot = "";
			targets = (
				821BAC5A1D45D30C00E2990A /* CocoaColaKit */,
				821BAC641D45D30C00E2990A /* CocoaColaKitTests */,
			);
		};
/* End PBXProject section */

/* Begin PBXResourcesBuildPhase section */
		821BAC591D45D30C00E2990A /* Resources */ = {
			isa = PBXResourcesBuildPhase;
			buildActionMask = 2147483647;
			files = (
			);
			runOnlyForDeploymentPostprocessing = 0;
		};
		821BAC631D45D30C00E2990A /* Resources */ = {
			isa = PBXResourcesBuildPhase;
			buildActionMask = 2147483647;
			files = (
			);
			runOnlyForDeploymentPostprocessing = 0;
		};
/* End PBXResourcesBuildPhase section */

/* Begin PBXSourcesBuildPhase section */
		821BAC561D45D30C00E2990A /* Sources */ = {
			isa = PBXSourcesBuildPhase;
			buildActionMask = 2147483647;
			files = (
				821BAC7B1D45D61700E2990A /* TileView.swift in Sources */,
				821BAC7A1D45D61700E2990A /* NSLayoutConstraint+extensions.swift in Sources */,
				821BAC7C1D45D61700E2990A /* TileViewLayout.swift in Sources */,
			);
			runOnlyForDeploymentPostprocessing = 0;
		};
		821BAC611D45D30C00E2990A /* Sources */ = {
			isa = PBXSourcesBuildPhase;
			buildActionMask = 2147483647;
			files = (
				821BAC6B1D45D30C00E2990A /* CocoaColaKitTests.swift in Sources */,
			);
			runOnlyForDeploymentPostprocessing = 0;
		};
/* End PBXSourcesBuildPhase section */

/* Begin PBXTargetDependency section */
		821BAC681D45D30C00E2990A /* PBXTargetDependency */ = {
			isa = PBXTargetDependency;
			target = 821BAC5A1D45D30C00E2990A /* CocoaColaKit */;
			targetProxy = 821BAC671D45D30C00E2990A /* PBXContainerItemProxy */;
		};
/* End PBXTargetDependency section */

/* Begin XCBuildConfiguration section */
		821BAC6D1D45D30C00E2990A /* Debug */ = {
			isa = XCBuildConfiguration;
			buildSettings = {
				ALWAYS_SEARCH_USER_PATHS = NO;
				CLANG_ANALYZER_NONNULL = YES;
				CLANG_CXX_LANGUAGE_STANDARD = "gnu++0x";
				CLANG_CXX_LIBRARY = "libc++";
				CLANG_ENABLE_MODULES = YES;
				CLANG_ENABLE_OBJC_ARC = YES;
				CLANG_WARN_BOOL_CONVERSION = YES;
				CLANG_WARN_CONSTANT_CONVERSION = YES;
				CLANG_WARN_DIRECT_OBJC_ISA_USAGE = YES_ERROR;
				CLANG_WARN_DOCUMENTATION_COMMENTS = YES;
				CLANG_WARN_EMPTY_BODY = YES;
				CLANG_WARN_ENUM_CONVERSION = YES;
				CLANG_WARN_INT_CONVERSION = YES;
				CLANG_WARN_OBJC_ROOT_CLASS = YES_ERROR;
				CLANG_WARN_UNREACHABLE_CODE = YES;
				CLANG_WARN__DUPLICATE_METHOD_MATCH = YES;
				"CODE_SIGN_IDENTITY[sdk=iphoneos*]" = "iPhone Developer";
				COPY_PHASE_STRIP = NO;
				CURRENT_PROJECT_VERSION = 1;
				DEBUG_INFORMATION_FORMAT = dwarf;
				ENABLE_STRICT_OBJC_MSGSEND = YES;
				ENABLE_TESTABILITY = YES;
				GCC_C_LANGUAGE_STANDARD = gnu99;
				GCC_DYNAMIC_NO_PIC = NO;
				GCC_NO_COMMON_BLOCKS = YES;
				GCC_OPTIMIZATION_LEVEL = 0;
				GCC_PREPROCESSOR_DEFINITIONS = (
					"DEBUG=1",
					"$(inherited)",
				);
				GCC_WARN_64_TO_32_BIT_CONVERSION = YES;
				GCC_WARN_ABOUT_RETURN_TYPE = YES_ERROR;
				GCC_WARN_UNDECLARED_SELECTOR = YES;
				GCC_WARN_UNINITIALIZED_AUTOS = YES_AGGRESSIVE;
				GCC_WARN_UNUSED_FUNCTION = YES;
				GCC_WARN_UNUSED_VARIABLE = YES;
				IPHONEOS_DEPLOYMENT_TARGET = 10.0;
				MTL_ENABLE_DEBUG_INFO = YES;
				ONLY_ACTIVE_ARCH = YES;
				SDKROOT = iphoneos;
				SWIFT_ACTIVE_COMPILATION_CONDITIONS = DEBUG;
				SWIFT_OPTIMIZATION_LEVEL = "-Onone";
				TARGETED_DEVICE_FAMILY = "1,2";
				VERSIONING_SYSTEM = "apple-generic";
				VERSION_INFO_PREFIX = "";
			};
			name = Debug;
		};
		821BAC6E1D45D30C00E2990A /* Release */ = {
			isa = XCBuildConfiguration;
			buildSettings = {
				ALWAYS_SEARCH_USER_PATHS = NO;
				CLANG_ANALYZER_NONNULL = YES;
				CLANG_CXX_LANGUAGE_STANDARD = "gnu++0x";
				CLANG_CXX_LIBRARY = "libc++";
				CLANG_ENABLE_MODULES = YES;
				CLANG_ENABLE_OBJC_ARC = YES;
				CLANG_WARN_BOOL_CONVERSION = YES;
				CLANG_WARN_CONSTANT_CONVERSION = YES;
				CLANG_WARN_DIRECT_OBJC_ISA_USAGE = YES_ERROR;
				CLANG_WARN_DOCUMENTATION_COMMENTS = YES;
				CLANG_WARN_EMPTY_BODY = YES;
				CLANG_WARN_ENUM_CONVERSION = YES;
				CLANG_WARN_INT_CONVERSION = YES;
				CLANG_WARN_OBJC_ROOT_CLASS = YES_ERROR;
				CLANG_WARN_UNREACHABLE_CODE = YES;
				CLANG_WARN__DUPLICATE_METHOD_MATCH = YES;
				"CODE_SIGN_IDENTITY[sdk=iphoneos*]" = "iPhone Developer";
				COPY_PHASE_STRIP = NO;
				CURRENT_PROJECT_VERSION = 1;
				DEBUG_INFORMATION_FORMAT = "dwarf-with-dsym";
				ENABLE_NS_ASSERTIONS = NO;
				ENABLE_STRICT_OBJC_MSGSEND = YES;
				GCC_C_LANGUAGE_STANDARD = gnu99;
				GCC_NO_COMMON_BLOCKS = YES;
				GCC_WARN_64_TO_32_BIT_CONVERSION = YES;
				GCC_WARN_ABOUT_RETURN_TYPE = YES_ERROR;
				GCC_WARN_UNDECLARED_SELECTOR = YES;
				GCC_WARN_UNINITIALIZED_AUTOS = YES_AGGRESSIVE;
				GCC_WARN_UNUSED_FUNCTION = YES;
				GCC_WARN_UNUSED_VARIABLE = YES;
				IPHONEOS_DEPLOYMENT_TARGET = 10.0;
				MTL_ENABLE_DEBUG_INFO = NO;
				SDKROOT = iphoneos;
				SWIFT_OPTIMIZATION_LEVEL = "-Owholemodule";
				TARGETED_DEVICE_FAMILY = "1,2";
				VALIDATE_PRODUCT = YES;
				VERSIONING_SYSTEM = "apple-generic";
				VERSION_INFO_PREFIX = "";
			};
			name = Release;
		};
		821BAC701D45D30C00E2990A /* Debug */ = {
			isa = XCBuildConfiguration;
			buildSettings = {
				DEFINES_MODULE = YES;
				DYLIB_COMPATIBILITY_VERSION = 1;
				DYLIB_CURRENT_VERSION = 1;
				DYLIB_INSTALL_NAME_BASE = "@rpath";
				INFOPLIST_FILE = CocoaColaKit/Info.plist;
				INSTALL_PATH = "$(LOCAL_LIBRARY_DIR)/Frameworks";
				LD_RUNPATH_SEARCH_PATHS = "$(inherited) @executable_path/Frameworks @loader_path/Frameworks";
				PRODUCT_BUNDLE_IDENTIFIER = com.ashevin.idev.CocoaColaKit;
				PRODUCT_NAME = "$(TARGET_NAME)";
				SKIP_INSTALL = YES;
				SWIFT_VERSION = 3.0;
			};
			name = Debug;
		};
		821BAC711D45D30C00E2990A /* Release */ = {
			isa = XCBuildConfiguration;
			buildSettings = {
				DEFINES_MODULE = YES;
				DYLIB_COMPATIBILITY_VERSION = 1;
				DYLIB_CURRENT_VERSION = 1;
				DYLIB_INSTALL_NAME_BASE = "@rpath";
				INFOPLIST_FILE = CocoaColaKit/Info.plist;
				INSTALL_PATH = "$(LOCAL_LIBRARY_DIR)/Frameworks";
				LD_RUNPATH_SEARCH_PATHS = "$(inherited) @executable_path/Frameworks @loader_path/Frameworks";
				PRODUCT_BUNDLE_IDENTIFIER = com.ashevin.idev.CocoaColaKit;
				PRODUCT_NAME = "$(TARGET_NAME)";
				SKIP_INSTALL = YES;
				SWIFT_VERSION = 3.0;
			};
			name = Release;
		};
		821BAC731D45D30C00E2990A /* Debug */ = {
			isa = XCBuildConfiguration;
			buildSettings = {
				INFOPLIST_FILE = CocoaColaKitTests/Info.plist;
				LD_RUNPATH_SEARCH_PATHS = "$(inherited) @executable_path/Frameworks @loader_path/Frameworks";
				PRODUCT_BUNDLE_IDENTIFIER = com.ashevin.idev.CocoaColaKitTests;
				PRODUCT_NAME = "$(TARGET_NAME)";
				SWIFT_VERSION = 3.0;
			};
			name = Debug;
		};
		821BAC741D45D30C00E2990A /* Release */ = {
			isa = XCBuildConfiguration;
			buildSettings = {
				INFOPLIST_FILE = CocoaColaKitTests/Info.plist;
				LD_RUNPATH_SEARCH_PATHS = "$(inherited) @executable_path/Frameworks @loader_path/Frameworks";
				PRODUCT_BUNDLE_IDENTIFIER = com.ashevin.idev.CocoaColaKitTests;
				PRODUCT_NAME = "$(TARGET_NAME)";
				SWIFT_VERSION = 3.0;
			};
			name = Release;
		};
/* End XCBuildConfiguration section */

/* Begin XCConfigurationList section */
		821BAC551D45D30C00E2990A /* Build configuration list for PBXProject "CocoaColaKit" */ = {
			isa = XCConfigurationList;
			buildConfigurations = (
				821BAC6D1D45D30C00E2990A /* Debug */,
				821BAC6E1D45D30C00E2990A /* Release */,
			);
			defaultConfigurationIsVisible = 0;
			defaultConfigurationName = Release;
		};
		821BAC6F1D45D30C00E2990A /* Build configuration list for PBXNativeTarget "CocoaColaKit" */ = {
			isa = XCConfigurationList;
			buildConfigurations = (
				821BAC701D45D30C00E2990A /* Debug */,
				821BAC711D45D30C00E2990A /* Release */,
			);
			defaultConfigurationIsVisible = 0;
			defaultConfigurationName = Release;
		};
		821BAC721D45D30C00E2990A /* Build configuration list for PBXNativeTarget "CocoaColaKitTests" */ = {
			isa = XCConfigurationList;
			buildConfigurations = (
				821BAC731D45D30C00E2990A /* Debug */,
				821BAC741D45D30C00E2990A /* Release */,
			);
			defaultConfigurationIsVisible = 0;
			defaultConfigurationName = Release;
		};
/* End XCConfigurationList section */
	};
	rootObject = 821BAC521D45D30C00E2990A /* Project object */;
}
